
Microsoft Visual Studio Solution File, Format Version 12.00
# Visual Studio 15
VisualStudioVersion = 15.0.28307.421
MinimumVisualStudioVersion = 10.0.40219.1
Project("{FAE04EC0-301F-11D3-BF4B-00C04F79EFBC}") = "Poker_game", "Poker_game\Poker_game.csproj", "{E3C2FDFA-419B-4E76-A609-8C759E42AB8B}"
EndProject
Global
	GlobalSection(SolutionConfigurationPlatforms) = preSolution
		Debug|Any CPU = Debug|Any CPU
		Release|Any CPU = Release|Any CPU
	EndGlobalSection
	GlobalSection(ProjectConfigurationPlatforms) = postSolution
		{E3C2FDFA-419B-4E76-A609-8C759E42AB8B}.Debug|Any CPU.ActiveCfg = Debug|Any CPU
		{E3C2FDFA-419B-4E76-A609-8C759E42AB8B}.Debug|Any CPU.Build.0 = Debug|Any CPU
		{E3C2FDFA-419B-4E76-A609-8C759E42AB8B}.Release|Any CPU.ActiveCfg = Release|Any CPU
		{E3C2FDFA-419B-4E76-A609-8C759E42AB8B}.Release|Any CPU.Build.0 = Release|Any CPU
	EndGlobalSection
	GlobalSection(SolutionProperties) = preSolution
		HideSolutionNode = FALSE
	EndGlobalSection
	GlobalSection(ExtensibilityGlobals) = postSolution
		SolutionGuid = {34636E99-1F5D-4DCF-A289-95D9A1DB62F0}
	EndGlobalSection
EndGlobal
